// !$*UTF8*$!
{
	archiveVersion = 1;
	classes = {
	};
	objectVersion = 46;
	objects = {

/* Begin PBXBuildFile section */
		DBF91C361E691198002FA060 /* main.m in Sources */ = {isa = PBXBuildFile; fileRef = DBF91C351E691198002FA060 /* main.m */; };
		DBF91C391E691198002FA060 /* AppDelegate.m in Sources */ = {isa = PBXBuildFile; fileRef = DBF91C381E691198002FA060 /* AppDelegate.m */; };
		DBF91C411E691199002FA060 /* Assets.xcassets in Resources */ = {isa = PBXBuildFile; fileRef = DBF91C401E691199002FA060 /* Assets.xcassets */; };
		DBF91C441E691199002FA060 /* LaunchScreen.storyboard in Resources */ = {isa = PBXBuildFile; fileRef = DBF91C421E691199002FA060 /* LaunchScreen.storyboard */; };
		DBF91C501E69125D002FA060 /* DemoViewController.m in Sources */ = {isa = PBXBuildFile; fileRef = DBF91C4E1E69125D002FA060 /* DemoViewController.m */; };
		DBF91C511E69125D002FA060 /* DemoViewController.xib in Resources */ = {isa = PBXBuildFile; fileRef = DBF91C4F1E69125D002FA060 /* DemoViewController.xib */; };
		DBF91C551E69131D002FA060 /* CollectionViewCell.m in Sources */ = {isa = PBXBuildFile; fileRef = DBF91C531E69131D002FA060 /* CollectionViewCell.m */; };
		DBF91C561E69131D002FA060 /* CollectionViewCell.xib in Resources */ = {isa = PBXBuildFile; fileRef = DBF91C541E69131D002FA060 /* CollectionViewCell.xib */; };
		DBF91C5A1E691A6F002FA060 /* CollectionViewItem.m in Sources */ = {isa = PBXBuildFile; fileRef = DBF91C581E691A6F002FA060 /* CollectionViewItem.m */; };
		DBF91C5B1E691A6F002FA060 /* CollectionViewItem.xib in Resources */ = {isa = PBXBuildFile; fileRef = DBF91C591E691A6F002FA060 /* CollectionViewItem.xib */; };
		DBF91C5F1E6976EB002FA060 /* Type2Item.m in Sources */ = {isa = PBXBuildFile; fileRef = DBF91C5D1E6976EB002FA060 /* Type2Item.m */; };
		DBF91C601E6976EB002FA060 /* Type2Item.xib in Resources */ = {isa = PBXBuildFile; fileRef = DBF91C5E1E6976EB002FA060 /* Type2Item.xib */; };
/* End PBXBuildFile section */

/* Begin PBXFileReference section */
		DBF91C311E691198002FA060 /* DemoHorizontalScrollTableView.app */ = {isa = PBXFileReference; explicitFileType = wrapper.application; includeInIndex = 0; path = DemoHorizontalScrollTableView.app; sourceTree = BUILT_PRODUCTS_DIR; };
		DBF91C351E691198002FA060 /* main.m */ = {isa = PBXFileReference; lastKnownFileType = sourcecode.c.objc; path = main.m; sourceTree = "<group>"; };
		DBF91C371E691198002FA060 /* AppDelegate.h */ = {isa = PBXFileReference; lastKnownFileType = sourcecode.c.h; path = AppDelegate.h; sourceTree = "<group>"; };
		DBF91C381E691198002FA060 /* AppDelegate.m */ = {isa = PBXFileReference; lastKnownFileType = sourcecode.c.objc; path = AppDelegate.m; sourceTree = "<group>"; };
		DBF91C401E691199002FA060 /* Assets.xcassets */ = {isa = PBXFileReference; lastKnownFileType = folder.assetcatalog; path = Assets.xcassets; sourceTree = "<group>"; };
		DBF91C431E691199002FA060 /* Base */ = {isa = PBXFileReference; lastKnownFileType = file.storyboard; name = Base; path = Base.lproj/LaunchScreen.storyboard; sourceTree = "<group>"; };
		DBF91C451E691199002FA060 /* Info.plist */ = {isa = PBXFileReference; lastKnownFileType = text.plist.xml; path = Info.plist; sourceTree = "<group>"; };
		DBF91C4D1E69125D002FA060 /* DemoViewController.h */ = {isa = PBXFileReference; fileEncoding = 4; lastKnownFileType = sourcecode.c.h; path = DemoViewController.h; sourceTree = "<group>"; };
		DBF91C4E1E69125D002FA060 /* DemoViewController.m */ = {isa = PBXFileReference; fileEncoding = 4; lastKnownFileType = sourcecode.c.objc; path = DemoViewController.m; sourceTree = "<group>"; };
		DBF91C4F1E69125D002FA060 /* DemoViewController.xib */ = {isa = PBXFileReference; fileEncoding = 4; lastKnownFileType = file.xib; path = DemoViewController.xib; sourceTree = "<group>"; };
		DBF91C521E69131D002FA060 /* CollectionViewCell.h */ = {isa = PBXFileReference; fileEncoding = 4; lastKnownFileType = sourcecode.c.h; path = CollectionViewCell.h; sourceTree = "<group>"; };
		DBF91C531E69131D002FA060 /* CollectionViewCell.m */ = {isa = PBXFileReference; fileEncoding = 4; lastKnownFileType = sourcecode.c.objc; path = CollectionViewCell.m; sourceTree = "<group>"; };
		DBF91C541E69131D002FA060 /* CollectionViewCell.xib */ = {isa = PBXFileReference; fileEncoding = 4; lastKnownFileType = file.xib; path = CollectionViewCell.xib; sourceTree = "<group>"; };
		DBF91C571E691A6F002FA060 /* CollectionViewItem.h */ = {isa = PBXFileReference; fileEncoding = 4; lastKnownFileType = sourcecode.c.h; path = CollectionViewItem.h; sourceTree = "<group>"; };
		DBF91C581E691A6F002FA060 /* CollectionViewItem.m */ = {isa = PBXFileReference; fileEncoding = 4; lastKnownFileType = sourcecode.c.objc; path = CollectionViewItem.m; sourceTree = "<group>"; };
		DBF91C591E691A6F002FA060 /* CollectionViewItem.xib */ = {isa = PBXFileReference; fileEncoding = 4; lastKnownFileType = file.xib; path = CollectionViewItem.xib; sourceTree = "<group>"; };
		DBF91C5C1E6976EB002FA060 /* Type2Item.h */ = {isa = PBXFileReference; fileEncoding = 4; lastKnownFileType = sourcecode.c.h; path = Type2Item.h; sourceTree = "<group>"; };
		DBF91C5D1E6976EB002FA060 /* Type2Item.m */ = {isa = PBXFileReference; fileEncoding = 4; lastKnownFileType = sourcecode.c.objc; path = Type2Item.m; sourceTree = "<group>"; };
		DBF91C5E1E6976EB002FA060 /* Type2Item.xib */ = {isa = PBXFileReference; fileEncoding = 4; lastKnownFileType = file.xib; path = Type2Item.xib; sourceTree = "<group>"; };
/* End PBXFileReference section */

/* Begin PBXFrameworksBuildPhase section */
		DBF91C2E1E691198002FA060 /* Frameworks */ = {
			isa = PBXFrameworksBuildPhase;
			buildActionMask = 2147483647;
			files = (
			);
			runOnlyForDeploymentPostprocessing = 0;
		};
/* End PBXFrameworksBuildPhase section */

/* Begin PBXGroup section */
		DBF91C281E691198002FA060 = {
			isa = PBXGroup;
			children = (
				DBF91C331E691198002FA060 /* DemoHorizontalScrollTableView */,
				DBF91C321E691198002FA060 /* Products */,
			);
			sourceTree = "<group>";
		};
		DBF91C321E691198002FA060 /* Products */ = {
			isa = PBXGroup;
			children = (
				DBF91C311E691198002FA060 /* DemoHorizontalScrollTableView.app */,
			);
			name = Products;
			sourceTree = "<group>";
		};
		DBF91C331E691198002FA060 /* DemoHorizontalScrollTableView */ = {
			isa = PBXGroup;
			children = (
				DBF91C371E691198002FA060 /* AppDelegate.h */,
				DBF91C381E691198002FA060 /* AppDelegate.m */,
				DBF91C4D1E69125D002FA060 /* DemoViewController.h */,
				DBF91C4E1E69125D002FA060 /* DemoViewController.m */,
				DBF91C4F1E69125D002FA060 /* DemoViewController.xib */,
				DBF91C521E69131D002FA060 /* CollectionViewCell.h */,
				DBF91C531E69131D002FA060 /* CollectionViewCell.m */,
				DBF91C541E69131D002FA060 /* CollectionViewCell.xib */,
				DBF91C571E691A6F002FA060 /* CollectionViewItem.h */,
				DBF91C581E691A6F002FA060 /* CollectionViewItem.m */,
				DBF91C591E691A6F002FA060 /* CollectionViewItem.xib */,
				DBF91C5C1E6976EB002FA060 /* Type2Item.h */,
				DBF91C5D1E6976EB002FA060 /* Type2Item.m */,
				DBF91C5E1E6976EB002FA060 /* Type2Item.xib */,
				DBF91C401E691199002FA060 /* Assets.xcassets */,
				DBF91C421E691199002FA060 /* LaunchScreen.storyboard */,
				DBF91C451E691199002FA060 /* Info.plist */,
				DBF91C341E691198002FA060 /* Supporting Files */,
			);
			path = DemoHorizontalScrollTableView;
			sourceTree = "<group>";
		};
		DBF91C341E691198002FA060 /* Supporting Files */ = {
			isa = PBXGroup;
			children = (
				DBF91C351E691198002FA060 /* main.m */,
			);
			name = "Supporting Files";
			sourceTree = "<group>";
		};
/* End PBXGroup section */

/* Begin PBXNativeTarget section */
		DBF91C301E691198002FA060 /* DemoHorizontalScrollTableView */ = {
			isa = PBXNativeTarget;
			buildConfigurationList = DBF91C481E691199002FA060 /* Build configuration list for PBXNativeTarget "DemoHorizontalScrollTableView" */;
			buildPhases = (
				DBF91C2D1E691198002FA060 /* Sources */,
				DBF91C2E1E691198002FA060 /* Frameworks */,
				DBF91C2F1E691198002FA060 /* Resources */,
			);
			buildRules = (
			);
			dependencies = (
			);
			name = DemoHorizontalScrollTableView;
			productName = DemoHorizontalScrollTableView;
			productReference = DBF91C311E691198002FA060 /* DemoHorizontalScrollTableView.app */;
			productType = "com.apple.product-type.application";
		};
/* End PBXNativeTarget section */

/* Begin PBXProject section */
		DBF91C291E691198002FA060 /* Project object */ = {
			isa = PBXProject;
			attributes = {
				LastUpgradeCheck = 0820;
				ORGANIZATIONNAME = roger;
				TargetAttributes = {
					DBF91C301E691198002FA060 = {
						CreatedOnToolsVersion = 8.2.1;
						DevelopmentTeam = CK5MHBYB2A;
						ProvisioningStyle = Automatic;
					};
				};
			};
			buildConfigurationList = DBF91C2C1E691198002FA060 /* Build configuration list for PBXProject "DemoHorizontalScrollTableView" */;
			compatibilityVersion = "Xcode 3.2";
			developmentRegion = English;
			hasScannedForEncodings = 0;
			knownRegions = (
				en,
				Base,
			);
			mainGroup = DBF91C281E691198002FA060;
			productRefGroup = DBF91C321E691198002FA060 /* Products */;
			projectDirPath = "";
			projectRoot = "";
			targets = (
				DBF91C301E691198002FA060 /* DemoHorizontalScrollTableView */,
			);
		};
/* End PBXProject section */

/* Begin PBXResourcesBuildPhase section */
		DBF91C2F1E691198002FA060 /* Resources */ = {
			isa = PBXResourcesBuildPhase;
			buildActionMask = 2147483647;
			files = (
				DBF91C441E691199002FA060 /* LaunchScreen.storyboard in Resources */,
				DBF91C411E691199002FA060 /* Assets.xcassets in Resources */,
				DBF91C561E69131D002FA060 /* CollectionViewCell.xib in Resources */,
				DBF91C5B1E691A6F002FA060 /* CollectionViewItem.xib in Resources */,
				DBF91C511E69125D002FA060 /* DemoViewController.xib in Resources */,
				DBF91C601E6976EB002FA060 /* Type2Item.xib in Resources */,
			);
			runOnlyForDeploymentPostprocessing = 0;
		};
/* End PBXResourcesBuildPhase section */

/* Begin PBXSourcesBuildPhase section */
		DBF91C2D1E691198002FA060 /* Sources */ = {
			isa = PBXSourcesBuildPhase;
			buildActionMask = 2147483647;
			files = (
				DBF91C391E691198002FA060 /* AppDelegate.m in Sources */,
				DBF91C361E691198002FA060 /* main.m in Sources */,
				DBF91C5A1E691A6F002FA060 /* CollectionViewItem.m in Sources */,
				DBF91C551E69131D002FA060 /* CollectionViewCell.m in Sources */,
				DBF91C501E69125D002FA060 /* DemoViewController.m in Sources */,
				DBF91C5F1E6976EB002FA060 /* Type2Item.m in Sources */,
			);
			runOnlyForDeploymentPostprocessing = 0;
		};
/* End PBXSourcesBuildPhase section */

/* Begin PBXVariantGroup section */
		DBF91C421E691199002FA060 /* LaunchScreen.storyboard */ = {
			isa = PBXVariantGroup;
			children = (
				DBF91C431E691199002FA060 /* Base */,
			);
			name = LaunchScreen.storyboard;
			sourceTree = "<group>";
		};
/* End PBXVariantGroup section */

/* Begin XCBuildConfiguration section */
		DBF91C461E691199002FA060 /* Debug */ = {
			isa = XCBuildConfiguration;
			buildSettings = {
				ALWAYS_SEARCH_USER_PATHS = NO;
				CLANG_ANALYZER_NONNULL = YES;
				CLANG_CXX_LANGUAGE_STANDARD = "gnu++0x";
				CLANG_CXX_LIBRARY = "libc++";
				CLANG_ENABLE_MODULES = YES;
				CLANG_ENABLE_OBJC_ARC = YES;
				CLANG_WARN_BOOL_CONVERSION = YES;
				CLANG_WARN_CONSTANT_CONVERSION = YES;
				CLANG_WARN_DIRECT_OBJC_ISA_USAGE = YES_ERROR;
				CLANG_WARN_DOCUMENTATION_COMMENTS = YES;
				CLANG_WARN_EMPTY_BODY = YES;
				CLANG_WARN_ENUM_CONVERSION = YES;
				CLANG_WARN_INFINITE_RECURSION = YES;
				CLANG_WARN_INT_CONVERSION = YES;
				CLANG_WARN_OBJC_ROOT_CLASS = YES_ERROR;
				CLANG_WARN_SUSPICIOUS_MOVE = YES;
				CLANG_WARN_UNREACHABLE_CODE = YES;
				CLANG_WARN__DUPLICATE_METHOD_MATCH = YES;
				"CODE_SIGN_IDENTITY[sdk=iphoneos*]" = "iPhone Developer";
				COPY_PHASE_STRIP = NO;
				DEBUG_INFORMATION_FORMAT = dwarf;
				ENABLE_STRICT_OBJC_MSGSEND = YES;
				ENABLE_TESTABILITY = YES;
				GCC_C_LANGUAGE_STANDARD = gnu99;
				GCC_DYNAMIC_NO_PIC = NO;
				GCC_NO_COMMON_BLOCKS = YES;
				GCC_OPTIMIZATION_LEVEL = 0;
				GCC_PREPROCESSOR_DEFINITIONS = (
					"DEBUG=1",
					"$(inherited)",
				);
				GCC_WARN_64_TO_32_BIT_CONVERSION = YES;
				GCC_WARN_ABOUT_RETURN_TYPE = YES_ERROR;
				GCC_WARN_UNDECLARED_SELECTOR = YES;
				GCC_WARN_UNINITIALIZED_AUTOS = YES_AGGRESSIVE;
				GCC_WARN_UNUSED_FUNCTION = YES;
				GCC_WARN_UNUSED_VARIABLE = YES;
				IPHONEOS_DEPLOYMENT_TARGET = 10.2;
				MTL_ENABLE_DEBUG_INFO = YES;
				ONLY_ACTIVE_ARCH = YES;
				SDKROOT = iphoneos;
			};
			name = Debug;
		};
		DBF91C471E691199002FA060 /* Release */ = {
			isa = XCBuildConfiguration;
			buildSettings = {
				ALWAYS_SEARCH_USER_PATHS = NO;
				CLANG_ANALYZER_NONNULL = YES;
				CLANG_CXX_LANGUAGE_STANDARD = "gnu++0x";
				CLANG_CXX_LIBRARY = "libc++";
				CLANG_ENABLE_MODULES = YES;
				CLANG_ENABLE_OBJC_ARC = YES;
				CLANG_WARN_BOOL_CONVERSION = YES;
				CLANG_WARN_CONSTANT_CONVERSION = YES;
				CLANG_WARN_DIRECT_OBJC_ISA_USAGE = YES_ERROR;
				CLANG_WARN_DOCUMENTATION_COMMENTS = YES;
				CLANG_WARN_EMPTY_BODY = YES;
				CLANG_WARN_ENUM_CONVERSION = YES;
				CLANG_WARN_INFINITE_RECURSION = YES;
				CLANG_WARN_INT_CONVERSION = YES;
				CLANG_WARN_OBJC_ROOT_CLASS = YES_ERROR;
				CLANG_WARN_SUSPICIOUS_MOVE = YES;
				CLANG_WARN_UNREACHABLE_CODE = YES;
				CLANG_WARN__DUPLICATE_METHOD_MATCH = YES;
				"CODE_SIGN_IDENTITY[sdk=iphoneos*]" = "iPhone Developer";
				COPY_PHASE_STRIP = NO;
				DEBUG_INFORMATION_FORMAT = "dwarf-with-dsym";
				ENABLE_NS_ASSERTIONS = NO;
				ENABLE_STRICT_OBJC_MSGSEND = YES;
				GCC_C_LANGUAGE_STANDARD = gnu99;
				GCC_NO_COMMON_BLOCKS = YES;
				GCC_WARN_64_TO_32_BIT_CONVERSION = YES;
				GCC_WARN_ABOUT_RETURN_TYPE = YES_ERROR;
				GCC_WARN_UNDECLARED_SELECTOR = YES;
				GCC_WARN_UNINITIALIZED_AUTOS = YES_AGGRESSIVE;
				GCC_WARN_UNUSED_FUNCTION = YES;
				GCC_WARN_UNUSED_VARIABLE = YES;
				IPHONEOS_DEPLOYMENT_TARGET = 10.2;
				MTL_ENABLE_DEBUG_INFO = NO;
				SDKROOT = iphoneos;
				VALIDATE_PRODUCT = YES;
			};
			name = Release;
		};
		DBF91C491E691199002FA060 /* Debug */ = {
			isa = XCBuildConfiguration;
			buildSettings = {
				ASSETCATALOG_COMPILER_APPICON_NAME = AppIcon;
				DEVELOPMENT_TEAM = CK5MHBYB2A;
				INFOPLIST_FILE = DemoHorizontalScrollTableView/Info.plist;
				IPHONEOS_DEPLOYMENT_TARGET = 8.0;
				LD_RUNPATH_SEARCH_PATHS = "$(inherited) @executable_path/Frameworks";
				PRODUCT_BUNDLE_IDENTIFIER = com.104.DemoHorizontalScrollTableView;
				PRODUCT_NAME = "$(TARGET_NAME)";
			};
			name = Debug;
		};
		DBF91C4A1E691199002FA060 /* Release */ = {
			isa = XCBuildConfiguration;
			buildSettings = {
				ASSETCATALOG_COMPILER_APPICON_NAME = AppIcon;
				DEVELOPMENT_TEAM = CK5MHBYB2A;
				INFOPLIST_FILE = DemoHorizontalScrollTableView/Info.plist;
				IPHONEOS_DEPLOYMENT_TARGET = 8.0;
				LD_RUNPATH_SEARCH_PATHS = "$(inherited) @executable_path/Frameworks";
				PRODUCT_BUNDLE_IDENTIFIER = com.104.DemoHorizontalScrollTableView;
				PRODUCT_NAME = "$(TARGET_NAME)";
			};
			name = Release;
		};
/* End XCBuildConfiguration section */

/* Begin XCConfigurationList section */
		DBF91C2C1E691198002FA060 /* Build configuration list for PBXProject "DemoHorizontalScrollTableView" */ = {
			isa = XCConfigurationList;
			buildConfigurations = (
				DBF91C461E691199002FA060 /* Debug */,
				DBF91C471E691199002FA060 /* Release */,
			);
			defaultConfigurationIsVisible = 0;
			defaultConfigurationName = Release;
		};
		DBF91C481E691199002FA060 /* Build configuration list for PBXNativeTarget "DemoHorizontalScrollTableView" */ = {
			isa = XCConfigurationList;
			buildConfigurations = (
				DBF91C491E691199002FA060 /* Debug */,
				DBF91C4A1E691199002FA060 /* Release */,
			);
			defaultConfigurationIsVisible = 0;
			defaultConfigurationName = Release;
		};
/* End XCConfigurationList section */
	};
	rootObject = DBF91C291E691198002FA060 /* Project object */;
}
